# This file is automatically @generated by Cargo.
# It is not intended for manual editing.
version = 4

[[package]]
name = "qqq-abi"
version = "0.0.0"

[[package]]
name = "qqq-cap"
version = "0.0.0"

[[package]]
name = "qqq-core"
version = "0.0.0"

[[package]]
name = "qqq-debug"
version = "0.0.0"

[[package]]
name = "qqq-host"
version = "0.0.0"

[[package]]
name = "qqq-io"
version = "0.0.0"

[[package]]
name = "qqq-pkg"
version = "0.0.0"

[[package]]
name = "qqq-run"
version = "0.0.0"

[[package]]
name = "qqq-serve"
version = "0.0.0"

[[package]]
name = "qqq-sys"
version = "0.0.0"
